PODS:
  - Flutter (1.0.0)
  - flutter_currency_converter (0.0.1):
    - Flutter

DEPENDENCIES:
  - Flutter (from `Flutter`)
  - flutter_currency_converter (from `.symlinks/plugins/flutter_currency_converter/ios`)

EXTERNAL SOURCES:
  Flutter:
    :path: Flutter
  flutter_currency_converter:
    :path: ".symlinks/plugins/flutter_currency_converter/ios"

SPEC CHECKSUMS:
  Flutter: 0e3d915762c693b495b44d77113d4970485de6ec
  flutter_currency_converter: 1b326852b0aba931d56c2fc745da5a3650a6b3a1

PODFILE CHECKSUM: c34e2287a9ccaa606aeceab922830efb9a6ff69a

COCOAPODS: 1.8.4
